<?xml version="1.0" encoding="utf-8"?>
<Project ToolsVersion="4.0" xmlns="http://schemas.microsoft.com/developer/msbuild/2003">
  <ItemGroup>
    <Filter Include="Source Files">
      <UniqueIdentifier>{4FC737F1-C7A5-4376-A066-2A32D752A2FF}</UniqueIdentifier>
      <Extensions>cpp;c;cxx;def;odl;idl;hpj;bat;asm;asmx</Extensions>
    </Filter>
    <Filter Include="Source Files\Generated Files">
      <UniqueIdentifier>{f3b0d82d-701d-4c88-84f8-f8019f37c095}</UniqueIdentifier>
      <SourceControlFiles>False</SourceControlFiles>
    </Filter>
    <Filter Include="Header Files">
      <UniqueIdentifier>{93995380-89BD-4b04-88EB-625FBE52EBFB}</UniqueIdentifier>
      <Extensions>h;hpp;hxx;hm;inl;inc;xsd</Extensions>
    </Filter>
    <Filter Include="Header Files\Generated Files">
      <UniqueIdentifier>{6020ed67-1444-4227-8b9c-9005b28e59ec}</UniqueIdentifier>
      <SourceControlFiles>False</SourceControlFiles>
    </Filter>
    <Filter Include="Resource Files">
      <UniqueIdentifier>{67DA6AB6-F800-4c08-8B7A-83BB121AAD01}</UniqueIdentifier>
      <Extensions>rc;ico;cur;bmp;dlg;rc2;rct;bin;rgs;gif;jpg;jpeg;jpe;resx</Extensions>
    </Filter>
    <Filter Include="Documents">
      <UniqueIdentifier>{ea2249d3-9499-4c23-9953-4c7f303ecfb0}</UniqueIdentifier>
    </Filter>
  </ItemGroup>
  <ItemGroup>
    <ClCompile Include="AboutDlg.cpp">
      <Filter>Source Files</Filter>
    </ClCompile>
    <ClCompile Include="CommonProperties.cpp">
      <Filter>Source Files</Filter>
    </ClCompile>
    <ClCompile Include="EnumOLEVERB.cpp">
      <Filter>Source Files</Filter>
    </ClCompile>
    <ClCompile Include="helpers.cpp">
      <Filter>Source Files</Filter>
    </ClCompile>
    <ClCompile Include="SourceOLEDataObject.cpp">
      <Filter>Source Files</Filter>
    </ClCompile>
    <ClCompile Include="stdafx.cpp">
      <Filter>Source Files</Filter>
    </ClCompile>
    <ClCompile Include="TabStrip.cpp">
      <Filter>Source Files</Filter>
    </ClCompile>
    <ClCompile Include="TabStripCtl.cpp">
      <Filter>Source Files</Filter>
    </ClCompile>
    <ClCompile Include="TabStripTab.cpp">
      <Filter>Source Files</Filter>
    </ClCompile>
    <ClCompile Include="TabStripTabContainer.cpp">
      <Filter>Source Files</Filter>
    </ClCompile>
    <ClCompile Include="TabStripTabs.cpp">
      <Filter>Source Files</Filter>
    </ClCompile>
    <ClCompile Include="TargetOLEDataObject.cpp">
      <Filter>Source Files</Filter>
    </ClCompile>
    <ClCompile Include="VirtualTabStripTab.cpp">
      <Filter>Source Files</Filter>
    </ClCompile>
    <ClCompile Include="TabStripCtlA_i.c">
      <Filter>Source Files\Generated Files</Filter>
    </ClCompile>
    <ClCompile Include="TabStripCtlU_i.c">
      <Filter>Source Files\Generated Files</Filter>
    </ClCompile>
  </ItemGroup>
  <ItemGroup>
    <None Include="TabStripCtlA.def">
      <Filter>Source Files</Filter>
    </None>
    <None Include="TabStripCtlU.def">
      <Filter>Source Files</Filter>
    </None>
    <None Include="res\About.jpg">
      <Filter>Resource Files</Filter>
    </None>
    <None Include="res\Paypal.jpg">
      <Filter>Resource Files</Filter>
    </None>
    <None Include="res\TabStripA.bmp">
      <Filter>Resource Files</Filter>
    </None>
    <None Include="res\TabStripCtlA.rgs">
      <Filter>Resource Files</Filter>
    </None>
    <None Include="res\TabStripCtlU.rgs">
      <Filter>Resource Files</Filter>
    </None>
    <None Include="res\TabStripU.bmp">
      <Filter>Resource Files</Filter>
    </None>
    <None Include="res\ToolBar disabled.bmp">
      <Filter>Resource Files</Filter>
    </None>
    <None Include="res\ToolBar enabled.bmp">
      <Filter>Resource Files</Filter>
    </None>
    <None Include="..\doc\Unused parts of API.txt">
      <Filter>Documents</Filter>
    </None>
    <None Include="res\CommonPropertiesA.rgs">
      <Filter>Resource Files</Filter>
    </None>
    <None Include="res\VirtualTabStripTabU.rgs">
      <Filter>Resource Files</Filter>
    </None>
    <None Include="res\CommonPropertiesU.rgs">
      <Filter>Resource Files</Filter>
    </None>
    <None Include="res\OLEDataObjectA.rgs">
      <Filter>Resource Files</Filter>
    </None>
    <None Include="res\OLEDataObjectU.rgs">
      <Filter>Resource Files</Filter>
    </None>
    <None Include="res\TabStripA.rgs">
      <Filter>Resource Files</Filter>
    </None>
    <None Include="res\TabStripTabA.rgs">
      <Filter>Resource Files</Filter>
    </None>
    <None Include="res\TabStripTabContainerA.rgs">
      <Filter>Resource Files</Filter>
    </None>
    <None Include="res\TabStripTabContainerU.rgs">
      <Filter>Resource Files</Filter>
    </None>
    <None Include="res\TabStripTabsA.rgs">
      <Filter>Resource Files</Filter>
    </None>
    <None Include="res\TabStripTabsU.rgs">
      <Filter>Resource Files</Filter>
    </None>
    <None Include="res\TabStripTabU.rgs">
      <Filter>Resource Files</Filter>
    </None>
    <None Include="res\TabStripU.rgs">
      <Filter>Resource Files</Filter>
    </None>
    <None Include="res\VirtualTabStripTabA.rgs">
      <Filter>Resource Files</Filter>
    </None>
  </ItemGroup>
  <ItemGroup>
    <Midl Include="TabStripCtlA.idl">
      <Filter>Source Files</Filter>
    </Midl>
    <Midl Include="TabStripCtlU.idl">
      <Filter>Source Files</Filter>
    </Midl>
  </ItemGroup>
  <ItemGroup>
    <ClInclude Include="_IOLEDataObjectEvents_CP.h">
      <Filter>Header Files</Filter>
    </ClInclude>
    <ClInclude Include="_ITabStripEvents_CP.h">
      <Filter>Header Files</Filter>
    </ClInclude>
    <ClInclude Include="_ITabStripTabContainerEvents_CP.h">
      <Filter>Header Files</Filter>
    </ClInclude>
    <ClInclude Include="_ITabStripTabEvents_CP.h">
      <Filter>Header Files</Filter>
    </ClInclude>
    <ClInclude Include="_ITabStripTabsEvents_CP.h">
      <Filter>Header Files</Filter>
    </ClInclude>
    <ClInclude Include="_IVirtualTabStripTabEvents_CP.h">
      <Filter>Header Files</Filter>
    </ClInclude>
    <ClInclude Include="AboutDlg.h">
      <Filter>Header Files</Filter>
    </ClInclude>
    <ClInclude Include="ClassFactory.h">
      <Filter>Header Files</Filter>
    </ClInclude>
    <ClInclude Include="CommonProperties.h">
      <Filter>Header Files</Filter>
    </ClInclude>
    <ClInclude Include="CompilerFlags.h">
      <Filter>Header Files</Filter>
    </ClInclude>
    <ClInclude Include="DispIDs.h">
      <Filter>Header Files</Filter>
    </ClInclude>
    <ClInclude Include="EnumOLEVERB.h">
      <Filter>Header Files</Filter>
    </ClInclude>
    <ClInclude Include="helpers.h">
      <Filter>Header Files</Filter>
    </ClInclude>
    <ClInclude Include="HyperLinkEx.h">
      <Filter>Header Files</Filter>
    </ClInclude>
    <ClInclude Include="ICategorizeProperties.h">
      <Filter>Header Files</Filter>
    </ClInclude>
    <ClInclude Include="ICreditsProvider.h">
      <Filter>Header Files</Filter>
    </ClInclude>
    <ClInclude Include="ITabContainer.h">
      <Filter>Header Files</Filter>
    </ClInclude>
    <ClInclude Include="PropertyNotifySinkImpl.h">
      <Filter>Header Files</Filter>
    </ClInclude>
    <ClInclude Include="SourceOLEDataObject.h">
      <Filter>Header Files</Filter>
    </ClInclude>
    <ClInclude Include="stdafx.h">
      <Filter>Header Files</Filter>
    </ClInclude>
    <ClInclude Include="TabStrip.h">
      <Filter>Header Files</Filter>
    </ClInclude>
    <ClInclude Include="TabStripTab.h">
      <Filter>Header Files</Filter>
    </ClInclude>
    <ClInclude Include="TabStripTabContainer.h">
      <Filter>Header Files</Filter>
    </ClInclude>
    <ClInclude Include="TabStripTabs.h">
      <Filter>Header Files</Filter>
    </ClInclude>
    <ClInclude Include="TargetOLEDataObject.h">
      <Filter>Header Files</Filter>
    </ClInclude>
    <ClInclude Include="VirtualTabStripTab.h">
      <Filter>Header Files</Filter>
    </ClInclude>
    <ClInclude Include="TabStripCtlA.h">
      <Filter>Header Files\Generated Files</Filter>
    </ClInclude>
    <ClInclude Include="TabStripCtlU.h">
      <Filter>Header Files\Generated Files</Filter>
    </ClInclude>
    <ClInclude Include="res\resource.h">
      <Filter>Resource Files</Filter>
    </ClInclude>
  </ItemGroup>
  <ItemGroup>
    <ResourceCompile Include="res\TabStripCtl.rc">
      <Filter>Resource Files</Filter>
    </ResourceCompile>
  </ItemGroup>
</Project>